{
  "version": 4,
  "terraform_version": "1.2.2",
  "serial": 6,
  "lineage": "042b8606-c6a0-e29c-0a43-0adc4e49c164",
  "outputs": {},
  "resources": [
    {
      "mode": "managed",
      "type": "google_container_cluster",
      "name": "tfer--c-slcm2",
      "provider": "provider[\"registry.terraform.io/hashicorp/google\"]",
      "instances": [
        {
          "schema_version": 1,
          "attributes": {
            "addons_config": [
              {
                "cloudrun_config": [],
                "gcp_filestore_csi_driver_config": [],
                "horizontal_pod_autoscaling": [
                  {
                    "disabled": false
                  }
                ],
                "http_load_balancing": [
                  {
                    "disabled": false
                  }
                ],
                "network_policy_config": [
                  {
                    "disabled": true
                  }
                ]
              }
            ],
            "authenticator_groups_config": [],
            "cluster_autoscaling": [
              {
                "auto_provisioning_defaults": [],
                "enabled": false,
                "resource_limits": []
              }
            ],
            "cluster_ipv4_cidr": "100.104.14.0/24",
            "confidential_nodes": [],
            "database_encryption": [
              {
                "key_name": "",
                "state": "DECRYPTED"
              }
            ],
            "datapath_provider": "",
            "default_max_pods_per_node": 20,
            "default_snat_status": [
              {
                "disabled": true
              }
            ],
            "description": "",
            "dns_config": [],
            "enable_autopilot": false,
            "enable_binary_authorization": false,
            "enable_intranode_visibility": false,
            "enable_kubernetes_alpha": false,
            "enable_legacy_abac": false,
            "enable_shielded_nodes": true,
            "enable_tpu": false,
            "endpoint": "10.98.115.194",
            "id": "projects/gglobo-kaas-hdg-dev/locations/southamerica-east1/clusters/kaas-cluster-teste",
            "initial_node_count": 1,
            "ip_allocation_policy": [
              {
                "cluster_ipv4_cidr_block": "100.104.14.0/24",
                "cluster_secondary_range_name": "extra-range-0",
                "services_ipv4_cidr_block": "100.126.131.160/27",
                "services_secondary_range_name": "extra-range-1"
              }
            ],
            "label_fingerprint": "4d074cdf",
            "location": "southamerica-east1",
            "logging_config": [
              {
                "enable_components": [
                  "SYSTEM_COMPONENTS",
                  "WORKLOADS"
                ]
              }
            ],
            "logging_service": "logging.googleapis.com/kubernetes",
            "maintenance_policy": [],
            "master_auth": [
              {
                "client_certificate": "",
                "client_certificate_config": [
                  {
                    "issue_client_certificate": false
                  }
                ],
                "client_key": "",
                "cluster_ca_certificate": "LS0tLS1CRUdJTiBDRVJUSUZJQ0FURS0tLS0tCk1JSUVMVENDQXBXZ0F3SUJBZ0lSQUxnRjBqNnh5UDErQVhiVEpHaERoMUF3RFFZSktvWklodmNOQVFFTEJRQXcKTHpFdE1Dc0dBMVVFQXhNa05EQm1PRFkwWkRNdE1USmlNeTAwTWpRMUxXSTFPVFV0TUdZME5UWmhNRGczWlRCbQpNQ0FYRFRJeU1EWXdPREl6TURVek4xb1lEekl3TlRJd05qQXhNREF3TlRNM1dqQXZNUzB3S3dZRFZRUURFeVEwCk1HWTROalJrTXkweE1tSXpMVFF5TkRVdFlqVTVOUzB3WmpRMU5tRXdPRGRsTUdZd2dnR2lNQTBHQ1NxR1NJYjMKRFFFQkFRVUFBNElCandBd2dnR0tBb0lCZ1FDMU5kYjBmeTJMNUhWL09mbHN6YWZ2a3BXWEJheVhadmZMWmk3TwprNVZYTEx6WE1FVmxvWmZPT2dkREx4ZnFucm5WcndMQTJ4SzZzUWRZc3ZJTjhMUHJOTjJ2dFRCMWllQml6L3ZBCjkxOHQ3Uk1UZTlNdEo5NStVRTVpS2RHenp5cDdDSXVscnVXSFVuTXhnRDhXbHp2dUIzSkRDOHJ4Rnh2N2Y5dGIKVUIrcnNQTDlUeVBxRW9WRUlDZXYxNTZJTEJtMkxNZ1BXSVBZcmJ4enVJeEZEckNTRkRIdHZsdCtoVGF1d0R5SwpKdkFnaXhoYldzMHZKcEo3Zk1zWlRMRDYvelhlUFZRYTE1RDZjaThjVHlCVlRSSW1LaHpWWDRyOEhtZnpnNkVkClNMR0xiV3hOSGtIRng3MXdPL3g1dEdmQUdsK2tuS0pQMDZEcDloNjF2Q2xyRHI3Yy9ZSG94T05jckpGNnQrWGsKVjlSWmhnakpUSDA0cXlmS0xYcXQxOHlacFJYZFhXUnloVW5ONkJ1VmhnWWRSaHlNVnBqVFhJekFobmZ4MzJodApvdUIyWkNycUREU2Y5clhSR3ltNkh2WFFoWnNKWDdKZnBxWThCd001UWpvVTkvV0Q3ei9NRDZ0bUpRL2UrTGcrCktpMGlwOEw5ZDNkOEhyRG1EOGF4dHlYZ21BMENBd0VBQWFOQ01FQXdEZ1lEVlIwUEFRSC9CQVFEQWdJRU1BOEcKQTFVZEV3RUIvd1FGTUFNQkFmOHdIUVlEVlIwT0JCWUVGSSt2cXpEWUd0aVUwdGJQYkdQTU9abXNqNmZpTUEwRwpDU3FHU0liM0RRRUJDd1VBQTRJQmdRQm1uRzUyY2ZlSGIzZlhLdFNqZGNyQkFpclVVakp2aXM5WGgxcVNDQ2lHCjVsM1p3TGI3SmFtREhVbDVLb2ttdUFLQi9VTXZUNks2UVdSYlQzSkNUT1pVSDQrN0VraG9NdU16MG1EMWc0UDUKaFJ1RmxxMVF4dkI2cGsrNEV1RHdXaG1vMnVnZzk0bS9xbG5vb205NFNVNXcwRFdHQ3hLcFc5UWtualVGdTZWUgo2SkdDL1duMVVhVXV1Smg0QVRkT1JPR1o4a1huZGFMbXlCSnk4K0JxTXBDUkpOdnRmZmZhWEFaeEU0NjExRElNCjBpcHZob0V6TEVaWHZWRVo4RGVlQnplMENYcmd3MDBIc1pUdDJRdjQ0TEhiVStSMW1lcEhaWEQ2MlJMZzlLaVMKa3dkUkpMWkhub2RrUFBBL3NPVHV0SWRuWTA3a2RLc1c5TStFUmdLdUJEWlVxdllVTlVFS3h5N2NqVHRLV3VueQo0Y1pyN2krL3IxWDBpVDJyaHRjREt6ekFYck54U1ZtNFVlNGRlRjhDOG95dDhkSnVQeVVWUmpiVnVYckErRklTClFJQURkZkZ1emw0V3JQY2gzYytodnhOdHNPVHRlVmd0VGJpTXdaU3YraE1kQ2loQjhnckkramJSSXZiZjZ5QmwKZ0dVbGtLTUpDcXQwM0RyOVFXZENnNlk9Ci0tLS0tRU5EIENFUlRJRklDQVRFLS0tLS0K"
              }
            ],
            "master_authorized_networks_config": [
              {
                "cidr_blocks": [
                  {
                    "cidr_block": "10.0.0.0/8",
                    "display_name": ""
                  },
                  {
                    "cidr_block": "100.64.0.0/10",
                    "display_name": ""
                  }
                ]
              }
            ],
            "master_version": "1.21.11-gke.1900",
            "min_master_version": "1.21.11-gke.1900",
            "monitoring_config": [
              {
                "enable_components": [
                  "SYSTEM_COMPONENTS"
                ]
              }
            ],
            "monitoring_service": "monitoring.googleapis.com/kubernetes",
            "name": "kaas-cluster-teste",
            "network": "projects/gglobo-network-hdg-spk-devqa/global/networks/vpc-hdg-devqa",
            "network_policy": [
              {
                "enabled": false,
                "provider": "PROVIDER_UNSPECIFIED"
              }
            ],
            "networking_mode": "VPC_NATIVE",
            "node_config": [],
            "node_locations": [
              "southamerica-east1-a",
              "southamerica-east1-b",
              "southamerica-east1-c"
            ],
            "node_pool": [],
            "node_version": "1.21.11-gke.1900",
            "operation": null,
            "private_cluster_config": [
              {
                "enable_private_endpoint": true,
                "enable_private_nodes": true,
                "master_global_access_config": [
                  {
                    "enabled": true
                  }
                ],
                "master_ipv4_cidr_block": "10.98.115.192/28",
                "peering_name": "gke-nbe4cc04964fbf4bfa30-0137-8c5f-peer",
                "private_endpoint": "10.98.115.194",
                "public_endpoint": "35.199.105.250"
              }
            ],
            "private_ipv6_google_access": "",
            "project": "gglobo-kaas-hdg-dev",
            "release_channel": [
              {
                "channel": "UNSPECIFIED"
              }
            ],
            "remove_default_node_pool": true,
            "resource_labels": {
              "display-name": "bento-test"
            },
            "resource_usage_export_config": [],
            "self_link": "https://container.googleapis.com/v1/projects/gglobo-kaas-hdg-dev/locations/southamerica-east1/clusters/kaas-cluster-teste",
            "services_ipv4_cidr": "100.126.131.160/27",
            "subnetwork": "projects/gglobo-network-hdg-spk-devqa/regions/southamerica-east1/subnetworks/sb-kaas-sa-e1-hdg-dev",
            "timeouts": null,
            "tpu_ipv4_cidr_block": "",
            "vertical_pod_autoscaling": [],
            "workload_identity_config": [
              {
                "workload_pool": "gglobo-kaas-hdg-dev.svc.id.goog"
              }
            ]
          },
          "sensitive_attributes": [],
          "private": "eyJlMmJmYjczMC1lY2FhLTExZTYtOGY4OC0zNDM2M2JjN2M0YzAiOnsiY3JlYXRlIjoyNDAwMDAwMDAwMDAwLCJkZWxldGUiOjI0MDAwMDAwMDAwMDAsInJlYWQiOjI0MDAwMDAwMDAwMDAsInVwZGF0ZSI6MzYwMDAwMDAwMDAwMH0sInNjaGVtYV92ZXJzaW9uIjoiMSJ9"
        }
      ]
    },
    {
      "mode": "managed",
      "type": "google_container_node_pool",
      "name": "tfer--c-slcm2_default-0",
      "provider": "provider[\"registry.terraform.io/hashicorp/google\"]",
      "instances": [
        {
          "schema_version": 1,
          "attributes": {
            "autoscaling": [
              {
                "max_node_count": 2,
                "min_node_count": 1
              }
            ],
            "cluster": "kaas-cluster-teste",
            "id": "projects/gglobo-kaas-hdg-dev/locations/southamerica-east1/clusters/kaas-cluster-teste/nodePools/pool-0",
            "initial_node_count": 1,
            "instance_group_urls": [
              "https://www.googleapis.com/compute/v1/projects/gglobo-kaas-hdg-dev/zones/southamerica-east1-a/instanceGroupManagers/gke-kaas-cluster-teste-pool-0-7d104d7b-grp",
              "https://www.googleapis.com/compute/v1/projects/gglobo-kaas-hdg-dev/zones/southamerica-east1-b/instanceGroupManagers/gke-kaas-cluster-teste-pool-0-9dbef502-grp",
              "https://www.googleapis.com/compute/v1/projects/gglobo-kaas-hdg-dev/zones/southamerica-east1-c/instanceGroupManagers/gke-kaas-cluster-teste-pool-0-f7d1de90-grp"
            ],
            "location": "southamerica-east1",
            "managed_instance_group_urls": [
              "https://www.googleapis.com/compute/v1/projects/gglobo-kaas-hdg-dev/zones/southamerica-east1-a/instanceGroups/gke-kaas-cluster-teste-pool-0-7d104d7b-grp",
              "https://www.googleapis.com/compute/v1/projects/gglobo-kaas-hdg-dev/zones/southamerica-east1-b/instanceGroups/gke-kaas-cluster-teste-pool-0-9dbef502-grp",
              "https://www.googleapis.com/compute/v1/projects/gglobo-kaas-hdg-dev/zones/southamerica-east1-c/instanceGroups/gke-kaas-cluster-teste-pool-0-f7d1de90-grp"
            ],
            "management": [
              {
                "auto_repair": false,
                "auto_upgrade": false
              }
            ],
            "max_pods_per_node": 20,
            "name": "pool-0",
            "name_prefix": "",
            "node_config": [
              {
                "boot_disk_kms_key": "",
                "disk_size_gb": 100,
                "disk_type": "pd-standard",
                "gcfs_config": [],
                "guest_accelerator": [],
                "gvnic": [],
                "image_type": "COS_CONTAINERD",
                "labels": {},
                "local_ssd_count": 0,
                "machine_type": "n1-standard-2",
                "metadata": {
                  "disable-legacy-endpoints": "true"
                },
                "min_cpu_platform": "",
                "node_group": "",
                "oauth_scopes": [
                  "https://www.googleapis.com/auth/devstorage.read_only",
                  "https://www.googleapis.com/auth/logging.write",
                  "https://www.googleapis.com/auth/monitoring",
                  "https://www.googleapis.com/auth/service.management.readonly",
                  "https://www.googleapis.com/auth/servicecontrol",
                  "https://www.googleapis.com/auth/trace.append"
                ],
                "preemptible": false,
                "service_account": "default",
                "shielded_instance_config": [
                  {
                    "enable_integrity_monitoring": true,
                    "enable_secure_boot": false
                  }
                ],
                "tags": [
                  "kaas-rancher-dev"
                ],
                "taint": [],
                "workload_metadata_config": [
                  {
                    "mode": "GKE_METADATA"
                  }
                ]
              }
            ],
            "node_count": 1,
            "node_locations": [
              "southamerica-east1-a",
              "southamerica-east1-b",
              "southamerica-east1-c"
            ],
            "operation": null,
            "project": "gglobo-kaas-hdg-dev",
            "timeouts": null,
            "upgrade_settings": [
              {
                "max_surge": 1,
                "max_unavailable": 0
              }
            ],
            "version": "1.21.11-gke.1900"
          },
          "sensitive_attributes": [],
          "private": "eyJlMmJmYjczMC1lY2FhLTExZTYtOGY4OC0zNDM2M2JjN2M0YzAiOnsiY3JlYXRlIjoxODAwMDAwMDAwMDAwLCJkZWxldGUiOjE4MDAwMDAwMDAwMDAsInVwZGF0ZSI6MTgwMDAwMDAwMDAwMH0sInNjaGVtYV92ZXJzaW9uIjoiMSJ9",
          "dependencies": [
            "google_container_cluster.tfer--c-slcm2"
          ]
        }
      ]
    }
  ]
}
